
Microsoft Visual Studio Solution File, Format Version 12.00
# Visual Studio Version 16
VisualStudioVersion = 16.0.31105.61
MinimumVisualStudioVersion = 10.0.40219.1
Project("{9A19103F-16F7-4668-BE54-9A1E7A4F7556}") = "Importing_DLL", "Importing_DLL\Importing_DLL.csproj", "{35DBA2C3-002A-4CBE-A47B-5BCE957B8FE1}"
EndProject
Project("{8BC9CEB8-8B4A-11D0-8D11-00A0C91BC942}") = "ModularPractice", "ModularPractice\ModularPractice.vcxproj", "{560D68BB-67D0-41FE-B577-8FA7F790961B}"
EndProject
Global
	GlobalSection(SolutionConfigurationPlatforms) = preSolution
		Debug|Any CPU = Debug|Any CPU
		Debug|x64 = Debug|x64
		Debug|x86 = Debug|x86
		Release|Any CPU = Release|Any CPU
		Release|x64 = Release|x64
		Release|x86 = Release|x86
	EndGlobalSection
	GlobalSection(ProjectConfigurationPlatforms) = postSolution
		{35DBA2C3-002A-4CBE-A47B-5BCE957B8FE1}.Debug|Any CPU.ActiveCfg = Debug|Any CPU
		{35DBA2C3-002A-4CBE-A47B-5BCE957B8FE1}.Debug|Any CPU.Build.0 = Debug|Any CPU
		{35DBA2C3-002A-4CBE-A47B-5BCE957B8FE1}.Debug|x64.ActiveCfg = Debug|Any CPU
		{35DBA2C3-002A-4CBE-A47B-5BCE957B8FE1}.Debug|x64.Build.0 = Debug|Any CPU
		{35DBA2C3-002A-4CBE-A47B-5BCE957B8FE1}.Debug|x86.ActiveCfg = Debug|Any CPU
		{35DBA2C3-002A-4CBE-A47B-5BCE957B8FE1}.Debug|x86.Build.0 = Debug|Any CPU
		{35DBA2C3-002A-4CBE-A47B-5BCE957B8FE1}.Release|Any CPU.ActiveCfg = Release|Any CPU
		{35DBA2C3-002A-4CBE-A47B-5BCE957B8FE1}.Release|Any CPU.Build.0 = Release|Any CPU
		{35DBA2C3-002A-4CBE-A47B-5BCE957B8FE1}.Release|x64.ActiveCfg = Release|Any CPU
		{35DBA2C3-002A-4CBE-A47B-5BCE957B8FE1}.Release|x64.Build.0 = Release|Any CPU
		{35DBA2C3-002A-4CBE-A47B-5BCE957B8FE1}.Release|x86.ActiveCfg = Release|Any CPU
		{35DBA2C3-002A-4CBE-A47B-5BCE957B8FE1}.Release|x86.Build.0 = Release|Any CPU
		{560D68BB-67D0-41FE-B577-8FA7F790961B}.Debug|Any CPU.ActiveCfg = Debug|Win32
		{560D68BB-67D0-41FE-B577-8FA7F790961B}.Debug|x64.ActiveCfg = Debug|x64
		{560D68BB-67D0-41FE-B577-8FA7F790961B}.Debug|x64.Build.0 = Debug|x64
		{560D68BB-67D0-41FE-B577-8FA7F790961B}.Debug|x86.ActiveCfg = Debug|Win32
		{560D68BB-67D0-41FE-B577-8FA7F790961B}.Debug|x86.Build.0 = Debug|Win32
		{560D68BB-67D0-41FE-B577-8FA7F790961B}.Release|Any CPU.ActiveCfg = Release|Win32
		{560D68BB-67D0-41FE-B577-8FA7F790961B}.Release|x64.ActiveCfg = Release|x64
		{560D68BB-67D0-41FE-B577-8FA7F790961B}.Release|x64.Build.0 = Release|x64
		{560D68BB-67D0-41FE-B577-8FA7F790961B}.Release|x86.ActiveCfg = Release|Win32
		{560D68BB-67D0-41FE-B577-8FA7F790961B}.Release|x86.Build.0 = Release|Win32
	EndGlobalSection
	GlobalSection(SolutionProperties) = preSolution
		HideSolutionNode = FALSE
	EndGlobalSection
	GlobalSection(ExtensibilityGlobals) = postSolution
		SolutionGuid = {4174DAF0-6E34-43F1-BAAF-4CE2E7174CBC}
	EndGlobalSection
EndGlobal
